{
  "nodes": {
    "colorsys-master": {
      "inputs": {
        "flakeNimbleLib": [
          "flakeNimbleLib"
        ],
        "nixpkgs": [
          "nixpkgs"
        ],
        "src-colorsys-master": "src-colorsys-master"
      },
      "locked": {
        "dir": "master",
        "lastModified": 1662254406,
        "narHash": "sha256-eU5Lfm0jgfDw2A7TOKF/WPwU50TM6ZU1gDFL1Unm3Q4=",
        "owner": "nim-nix-pkgs",
        "repo": "colorsys",
        "rev": "5efb0e74553c9b0a42d1617b0e515cf04fec7d70",
        "type": "github"
      },
      "original": {
        "dir": "master",
        "owner": "nim-nix-pkgs",
        "ref": "master",
        "repo": "colorsys",
        "type": "github"
      }
    },
    "flakeNimbleLib": {
      "inputs": {
        "nixpkgs": [
          "nixpkgs"
        ]
      },
      "locked": {
        "lastModified": 1662018438,
        "narHash": "sha256-QtNtU6+LX3Wokxf0zlFwKTFOcn6TeDjKQZ+DA9OYtvM=",
        "owner": "riinr",
        "repo": "nim-flakes-lib",
        "rev": "b1fe8340736e3a85d25c709ac3dfd82a55c03cbf",
        "type": "github"
      },
      "original": {
        "owner": "riinr",
        "ref": "master",
        "repo": "nim-flakes-lib",
        "type": "github"
      }
    },
    "nixpkgs": {
      "locked": {
        "lastModified": 1667110639,
        "narHash": "sha256-4FbPESZ5LbqQxkJJJBAfk/zKgF9h/4kyUwjjpJwYlbc=",
        "owner": "NixOS",
        "repo": "nixpkgs",
        "rev": "f38a1f04d1bec1feb61fd101a0539ae2002a7087",
        "type": "github"
      },
      "original": {
        "id": "nixpkgs",
        "type": "indirect"
      }
    },
    "root": {
      "inputs": {
        "colorsys-master": "colorsys-master",
        "flakeNimbleLib": "flakeNimbleLib",
        "nixpkgs": "nixpkgs"
      }
    },
    "src-colorsys-master": {
      "flake": false,
      "locked": {
        "lastModified": 1497488979,
        "narHash": "sha256-27VM5bGveaDVCf5fIhdGCM/seCuuiLDf3VNCSWQGks0=",
        "owner": "achesak",
        "repo": "nim-colorsys",
        "rev": "b466a504242b4a91eec6fd61e8d6ff14417e5779",
        "type": "github"
      },
      "original": {
        "owner": "achesak",
        "ref": "refs/heads/master",
        "repo": "nim-colorsys",
        "type": "github"
      }
    }
  },
  "root": "root",
  "version": 7
}
